
Microsoft Visual Studio Solution File, Format Version 12.00
# Visual Studio Version 16
VisualStudioVersion = 16.0.29215.179
MinimumVisualStudioVersion = 10.0.40219.1
Project("{9A19103F-16F7-4668-BE54-9A1E7A4F7556}") = "Grpc.Message", "Grpc.Message\Grpc.Message.csproj", "{1CBA9A7B-29AF-444A-B1E6-B4AACD211586}"
EndProject
Project("{9A19103F-16F7-4668-BE54-9A1E7A4F7556}") = "Grpc.Server", "Grpc.Server\Grpc.Server.csproj", "{67772815-17E9-4C48-B8CB-D5ABFC05C647}"
EndProject
Project("{9A19103F-16F7-4668-BE54-9A1E7A4F7556}") = "Grpc.Client", "Grpc.Client\Grpc.Client.csproj", "{202040A8-6AB0-40FF-BCA8-DB14C5E0DE2F}"
EndProject
Project("{9A19103F-16F7-4668-BE54-9A1E7A4F7556}") = "Grpc.WebClient", "Grpc.WebClient\Grpc.WebClient.csproj", "{171B439D-AA41-43D9-9F66-9B3614B4E286}"
EndProject
Project("{FAE04EC0-301F-11D3-BF4B-00C04F79EFBC}") = "Demo", "Demo\Demo.csproj", "{831F6C89-0AF6-4CB6-BC4C-CA825C51FD45}"
EndProject
Global
	GlobalSection(SolutionConfigurationPlatforms) = preSolution
		Debug|Any CPU = Debug|Any CPU
		Release|Any CPU = Release|Any CPU
	EndGlobalSection
	GlobalSection(ProjectConfigurationPlatforms) = postSolution
		{1CBA9A7B-29AF-444A-B1E6-B4AACD211586}.Debug|Any CPU.ActiveCfg = Debug|Any CPU
		{1CBA9A7B-29AF-444A-B1E6-B4AACD211586}.Debug|Any CPU.Build.0 = Debug|Any CPU
		{1CBA9A7B-29AF-444A-B1E6-B4AACD211586}.Release|Any CPU.ActiveCfg = Release|Any CPU
		{1CBA9A7B-29AF-444A-B1E6-B4AACD211586}.Release|Any CPU.Build.0 = Release|Any CPU
		{67772815-17E9-4C48-B8CB-D5ABFC05C647}.Debug|Any CPU.ActiveCfg = Debug|Any CPU
		{67772815-17E9-4C48-B8CB-D5ABFC05C647}.Debug|Any CPU.Build.0 = Debug|Any CPU
		{67772815-17E9-4C48-B8CB-D5ABFC05C647}.Release|Any CPU.ActiveCfg = Release|Any CPU
		{67772815-17E9-4C48-B8CB-D5ABFC05C647}.Release|Any CPU.Build.0 = Release|Any CPU
		{202040A8-6AB0-40FF-BCA8-DB14C5E0DE2F}.Debug|Any CPU.ActiveCfg = Debug|Any CPU
		{202040A8-6AB0-40FF-BCA8-DB14C5E0DE2F}.Debug|Any CPU.Build.0 = Debug|Any CPU
		{202040A8-6AB0-40FF-BCA8-DB14C5E0DE2F}.Release|Any CPU.ActiveCfg = Release|Any CPU
		{202040A8-6AB0-40FF-BCA8-DB14C5E0DE2F}.Release|Any CPU.Build.0 = Release|Any CPU
		{171B439D-AA41-43D9-9F66-9B3614B4E286}.Debug|Any CPU.ActiveCfg = Debug|Any CPU
		{171B439D-AA41-43D9-9F66-9B3614B4E286}.Debug|Any CPU.Build.0 = Debug|Any CPU
		{171B439D-AA41-43D9-9F66-9B3614B4E286}.Release|Any CPU.ActiveCfg = Release|Any CPU
		{171B439D-AA41-43D9-9F66-9B3614B4E286}.Release|Any CPU.Build.0 = Release|Any CPU
		{831F6C89-0AF6-4CB6-BC4C-CA825C51FD45}.Debug|Any CPU.ActiveCfg = Debug|Any CPU
		{831F6C89-0AF6-4CB6-BC4C-CA825C51FD45}.Debug|Any CPU.Build.0 = Debug|Any CPU
		{831F6C89-0AF6-4CB6-BC4C-CA825C51FD45}.Release|Any CPU.ActiveCfg = Release|Any CPU
		{831F6C89-0AF6-4CB6-BC4C-CA825C51FD45}.Release|Any CPU.Build.0 = Release|Any CPU
	EndGlobalSection
	GlobalSection(SolutionProperties) = preSolution
		HideSolutionNode = FALSE
	EndGlobalSection
	GlobalSection(ExtensibilityGlobals) = postSolution
		SolutionGuid = {BE414C60-4803-4643-9D23-8735D53C5143}
	EndGlobalSection
EndGlobal
